{
  "version": 4,
  "terraform_version": "1.12.2",
  "serial": 12,
  "lineage": "9806d010-8e1a-e244-ae28-3df166163ef4",
  "outputs": {
    "hello_file_path": {
      "value": "./hello.txt",
      "type": "string"
    },
    "timestamp_file_path": {
      "value": "./created_at.txt",
      "type": "string"
    }
  },
  "resources": [
    {
      "mode": "managed",
      "type": "local_file",
      "name": "hello_world",
      "provider": "provider[\"registry.terraform.io/hashicorp/local\"]",
      "instances": [
        {
          "schema_version": 0,
          "attributes": {
            "content": "Hello, Terraform World!\nThis is my UPDATED infrastructure file.\nI'm learning Terraform!",
            "content_base64": null,
            "content_base64sha256": "tZlVgOcADn6rKyiWY5neyaOZhySWJ/Lof8X8cAva5Wc=",
            "content_base64sha512": "4y90Br7czy8Fg9rNiJZjWbO1wemKyj2CdbFM46WAk56OP3pDAko+L+A+/nJ16kKKSmn8ffbWDbR7fYiMoUTo8A==",
            "content_md5": "22310124400ac1ff0a577dea2d1509f3",
            "content_sha1": "e0686b8609752b64c1fe431e502a97513a0cdb65",
            "content_sha256": "b5995580e7000e7eab2b28966399dec9a39987249627f2e87fc5fc700bdae567",
            "content_sha512": "e32f7406bedccf2f0583dacd88966359b3b5c1e98aca3d8275b14ce3a580939e8e3f7a43024a3e2fe03efe7275ea428a4a69fc7df6d60db47b7d888ca144e8f0",
            "directory_permission": "0777",
            "file_permission": "0777",
            "filename": "./hello.txt",
            "id": "e0686b8609752b64c1fe431e502a97513a0cdb65",
            "sensitive_content": null,
            "source": null
          },
          "sensitive_attributes": [
            [
              {
                "type": "get_attr",
                "value": "sensitive_content"
              }
            ]
          ],
          "identity_schema_version": 0
        }
      ]
    },
    {
      "mode": "managed",
      "type": "local_file",
      "name": "timestamp",
      "provider": "provider[\"registry.terraform.io/hashicorp/local\"]",
      "instances": [
        {
          "schema_version": 0,
          "attributes": {
            "content": "this file has been created at 2025-07-07T15:45:45Z",
            "content_base64": null,
            "content_base64sha256": "O6NSjLuMuD9mSkTvP6rKz40iSxbuvcMzbNyn5ozvRSA=",
            "content_base64sha512": "Vny8dGbBOHutpCTjNyoZcCCQGFUIlbaLKT1UU68h5YtNSxNa//+NrbdJTELt1ZQBvN5wLtKeXNOFQpzdPXqLTQ==",
            "content_md5": "a295dea42b11170be7f1830f74afeb1e",
            "content_sha1": "7959b0e945d54d4fdf9cddb1a373adcd1a82d62e",
            "content_sha256": "3ba3528cbb8cb83f664a44ef3faacacf8d224b16eebdc3336cdca7e68cef4520",
            "content_sha512": "567cbc7466c1387bada424e3372a1970209018550895b68b293d5453af21e58b4d4b135affff8dadb7494c42edd59401bcde702ed29e5cd385429cdd3d7a8b4d",
            "directory_permission": "0777",
            "file_permission": "0777",
            "filename": "./created_at.txt",
            "id": "7959b0e945d54d4fdf9cddb1a373adcd1a82d62e",
            "sensitive_content": null,
            "source": null
          },
          "sensitive_attributes": [
            [
              {
                "type": "get_attr",
                "value": "sensitive_content"
              }
            ]
          ],
          "identity_schema_version": 0
        }
      ]
    }
  ],
  "check_results": null
}
