{
  "version": 4,
  "terraform_version": "1.12.2",
  "serial": 18,
  "lineage": "9806d010-8e1a-e244-ae28-3df166163ef4",
  "outputs": {
    "hello_file_path": {
      "value": "./hello.txt",
      "type": "string"
    },
    "timestamp_file_path": {
      "value": "./created_at.txt",
      "type": "string"
    }
  },
  "resources": [
    {
      "mode": "managed",
      "type": "local_file",
      "name": "hello_world",
      "provider": "provider[\"registry.terraform.io/hashicorp/local\"]",
      "instances": [
        {
          "schema_version": 0,
          "attributes": {
            "content": "Hello, Terraform World!\nThis is my UPDATED infrastructure file.\nI'm learning Terraform!",
            "content_base64": null,
            "content_base64sha256": "tZlVgOcADn6rKyiWY5neyaOZhySWJ/Lof8X8cAva5Wc=",
            "content_base64sha512": "4y90Br7czy8Fg9rNiJZjWbO1wemKyj2CdbFM46WAk56OP3pDAko+L+A+/nJ16kKKSmn8ffbWDbR7fYiMoUTo8A==",
            "content_md5": "22310124400ac1ff0a577dea2d1509f3",
            "content_sha1": "e0686b8609752b64c1fe431e502a97513a0cdb65",
            "content_sha256": "b5995580e7000e7eab2b28966399dec9a39987249627f2e87fc5fc700bdae567",
            "content_sha512": "e32f7406bedccf2f0583dacd88966359b3b5c1e98aca3d8275b14ce3a580939e8e3f7a43024a3e2fe03efe7275ea428a4a69fc7df6d60db47b7d888ca144e8f0",
            "directory_permission": "0777",
            "file_permission": "0777",
            "filename": "./hello.txt",
            "id": "e0686b8609752b64c1fe431e502a97513a0cdb65",
            "sensitive_content": null,
            "source": null
          },
          "sensitive_attributes": [
            [
              {
                "type": "get_attr",
                "value": "sensitive_content"
              }
            ]
          ],
          "identity_schema_version": 0
        }
      ]
    },
    {
      "mode": "managed",
      "type": "local_file",
      "name": "timestamp",
      "provider": "provider[\"registry.terraform.io/hashicorp/local\"]",
      "instances": [
        {
          "schema_version": 0,
          "attributes": {
            "content": "this file has been created at 2025-07-19T07:27:42Z",
            "content_base64": null,
            "content_base64sha256": "v7Uvmy3r0HFf9R4/g4lPB2EO9LIbkiI+hvSYpf7i1Cw=",
            "content_base64sha512": "CSntUY/KNwQtTP8T61hE9r20jGsVVbVK/YwMlU5iRSw6hHl1RW8w8Oeuxrmz9CAMblgz5er4V/m/tOHgm825Sw==",
            "content_md5": "bf7ee834887e3470887706b2b4ac5c48",
            "content_sha1": "cc24d7e24d7eefc474effbac93d0c9d0d5958e72",
            "content_sha256": "bfb52f9b2debd0715ff51e3f83894f07610ef4b21b92223e86f498a5fee2d42c",
            "content_sha512": "0929ed518fca37042d4cff13eb5844f6bdb48c6b1555b54afd8c0c954e62452c3a847975456f30f0e7aec6b9b3f4200c6e5833e5eaf857f9bfb4e1e09bcdb94b",
            "directory_permission": "0777",
            "file_permission": "0777",
            "filename": "./created_at.txt",
            "id": "cc24d7e24d7eefc474effbac93d0c9d0d5958e72",
            "sensitive_content": null,
            "source": null
          },
          "sensitive_attributes": [
            [
              {
                "type": "get_attr",
                "value": "sensitive_content"
              }
            ]
          ],
          "identity_schema_version": 0
        }
      ]
    }
  ],
  "check_results": null
}
