{
  "version": 4,
  "terraform_version": "1.12.2",
  "serial": 6,
  "lineage": "9806d010-8e1a-e244-ae28-3df166163ef4",
  "outputs": {
    "hello_file_path": {
      "value": "./hello.txt",
      "type": "string"
    },
    "timestamp_file_path": {
      "value": "./created_at.txt",
      "type": "string"
    }
  },
  "resources": [
    {
      "mode": "managed",
      "type": "local_file",
      "name": "hello_world",
      "provider": "provider[\"registry.terraform.io/hashicorp/local\"]",
      "instances": [
        {
          "schema_version": 0,
          "attributes": {
            "content": "Hello, Terraform World!\nThis is my UPDATED infrastructure file.\nI'm learning Terraform!",
            "content_base64": null,
            "content_base64sha256": "tZlVgOcADn6rKyiWY5neyaOZhySWJ/Lof8X8cAva5Wc=",
            "content_base64sha512": "4y90Br7czy8Fg9rNiJZjWbO1wemKyj2CdbFM46WAk56OP3pDAko+L+A+/nJ16kKKSmn8ffbWDbR7fYiMoUTo8A==",
            "content_md5": "22310124400ac1ff0a577dea2d1509f3",
            "content_sha1": "e0686b8609752b64c1fe431e502a97513a0cdb65",
            "content_sha256": "b5995580e7000e7eab2b28966399dec9a39987249627f2e87fc5fc700bdae567",
            "content_sha512": "e32f7406bedccf2f0583dacd88966359b3b5c1e98aca3d8275b14ce3a580939e8e3f7a43024a3e2fe03efe7275ea428a4a69fc7df6d60db47b7d888ca144e8f0",
            "directory_permission": "0777",
            "file_permission": "0777",
            "filename": "./hello.txt",
            "id": "e0686b8609752b64c1fe431e502a97513a0cdb65",
            "sensitive_content": null,
            "source": null
          },
          "sensitive_attributes": [
            [
              {
                "type": "get_attr",
                "value": "sensitive_content"
              }
            ]
          ],
          "identity_schema_version": 0
        }
      ]
    },
    {
      "mode": "managed",
      "type": "local_file",
      "name": "timestamp",
      "provider": "provider[\"registry.terraform.io/hashicorp/local\"]",
      "instances": [
        {
          "schema_version": 0,
          "attributes": {
            "content": "this file has been created at 2025-07-02T18:27:46Z",
            "content_base64": null,
            "content_base64sha256": "0F92r4IJwZiT3tr7PjLKmZGyMHkOQvCJ/6mQIgxTjjs=",
            "content_base64sha512": "vszVKeKmu5HsSzh9lIPwUWZKd4Fh4OxY3zMb0a8FNKFTBklA4hd4PWIW0+6ZSBeEcuYSTE86kfZgPsQs0AjiVg==",
            "content_md5": "c036b02a7138dd2e67f59ee16ec1f22f",
            "content_sha1": "5df58266f7fb1074a8eaa8ddc7b0ed5dd5fc1b8b",
            "content_sha256": "d05f76af8209c19893dedafb3e32ca9991b230790e42f089ffa990220c538e3b",
            "content_sha512": "beccd529e2a6bb91ec4b387d9483f051664a778161e0ec58df331bd1af0534a153064940e217783d6216d3ee9948178472e6124c4f3a91f6603ec42cd008e256",
            "directory_permission": "0777",
            "file_permission": "0777",
            "filename": "./created_at.txt",
            "id": "5df58266f7fb1074a8eaa8ddc7b0ed5dd5fc1b8b",
            "sensitive_content": null,
            "source": null
          },
          "sensitive_attributes": [
            [
              {
                "type": "get_attr",
                "value": "sensitive_content"
              }
            ]
          ],
          "identity_schema_version": 0
        }
      ]
    }
  ],
  "check_results": null
}
